
Microsoft Visual Studio Solution File, Format Version 12.00
# Visual Studio Version 16
VisualStudioVersion = 16.0.31729.503
MinimumVisualStudioVersion = 10.0.40219.1
Project("{FAE04EC0-301F-11D3-BF4B-00C04F79EFBC}") = "HttpClientDemo", "HttpClientDemo\HttpClientDemo.csproj", "{6288516E-2940-45A6-9934-B8362A4F772F}"
EndProject
Global
	GlobalSection(SolutionConfigurationPlatforms) = preSolution
		Debug|Any CPU = Debug|Any CPU
		Release|Any CPU = Release|Any CPU
	EndGlobalSection
	GlobalSection(ProjectConfigurationPlatforms) = postSolution
		{6288516E-2940-45A6-9934-B8362A4F772F}.Debug|Any CPU.ActiveCfg = Debug|Any CPU
		{6288516E-2940-45A6-9934-B8362A4F772F}.Debug|Any CPU.Build.0 = Debug|Any CPU
		{6288516E-2940-45A6-9934-B8362A4F772F}.Release|Any CPU.ActiveCfg = Release|Any CPU
		{6288516E-2940-45A6-9934-B8362A4F772F}.Release|Any CPU.Build.0 = Release|Any CPU
	EndGlobalSection
	GlobalSection(SolutionProperties) = preSolution
		HideSolutionNode = FALSE
	EndGlobalSection
	GlobalSection(ExtensibilityGlobals) = postSolution
		SolutionGuid = {89F81454-A74D-44CC-ACFF-3AEEB60C9B64}
	EndGlobalSection
EndGlobal
